// !$*UTF8*$!
{
	archiveVersion = 1;
	classes = {
	};
	objectVersion = 46;
	objects = {

/* Begin PBXBuildFile section */
		573F1807178C6F8D00E66DED /* Foundation.framework in Frameworks */ = {isa = PBXBuildFile; fileRef = 573F1806178C6F8D00E66DED /* Foundation.framework */; };
		573F182A178C852F00E66DED /* APLevelDB.mm in Sources */ = {isa = PBXBuildFile; fileRef = 663190C415DD7A8D001AC21A /* APLevelDB.mm */; };
		573F182C178C856E00E66DED /* APLevelDB.h in Headers */ = {isa = PBXBuildFile; fileRef = 663190C315DD7A8D001AC21A /* APLevelDB.h */; settings = {ATTRIBUTES = (Public, ); }; };
		663190A115DD798A001AC21A /* InfoPlist.strings in Resources */ = {isa = PBXBuildFile; fileRef = 6631909F15DD798A001AC21A /* InfoPlist.strings */; };
		663190AE15DD798A001AC21A /* Cocoa.framework in Frameworks */ = {isa = PBXBuildFile; fileRef = 6631909615DD798A001AC21A /* Cocoa.framework */; };
		663190B115DD798A001AC21A /* APLevelDBFramework.framework in Frameworks */ = {isa = PBXBuildFile; fileRef = 6631909315DD798A001AC21A /* APLevelDBFramework.framework */; };
		663190B715DD798A001AC21A /* InfoPlist.strings in Resources */ = {isa = PBXBuildFile; fileRef = 663190B515DD798A001AC21A /* InfoPlist.strings */; };
		663190BA15DD798A001AC21A /* APLevelDBTests.m in Sources */ = {isa = PBXBuildFile; fileRef = 663190B915DD798A001AC21A /* APLevelDBTests.m */; };
		663190C515DD7A8D001AC21A /* APLevelDB.h in Headers */ = {isa = PBXBuildFile; fileRef = 663190C315DD7A8D001AC21A /* APLevelDB.h */; };
		663190C615DD7A8D001AC21A /* APLevelDB.mm in Sources */ = {isa = PBXBuildFile; fileRef = 663190C415DD7A8D001AC21A /* APLevelDB.mm */; };
		6698E04815F82D3000B74390 /* APLevelDBFramework.framework in CopyFiles */ = {isa = PBXBuildFile; fileRef = 6631909315DD798A001AC21A /* APLevelDBFramework.framework */; };
		A513F053196881E4007F3905 /* builder.cc in Sources */ = {isa = PBXBuildFile; fileRef = A513F039196881E4007F3905 /* builder.cc */; };
		A513F055196881E4007F3905 /* builder.cc in Sources */ = {isa = PBXBuildFile; fileRef = A513F039196881E4007F3905 /* builder.cc */; };
		A513F056196881E4007F3905 /* c.cc in Sources */ = {isa = PBXBuildFile; fileRef = A513F03A196881E4007F3905 /* c.cc */; };
		A513F057196881E4007F3905 /* c.cc in Sources */ = {isa = PBXBuildFile; fileRef = A513F03A196881E4007F3905 /* c.cc */; };
		A513F058196881E4007F3905 /* c.cc in Sources */ = {isa = PBXBuildFile; fileRef = A513F03A196881E4007F3905 /* c.cc */; };
		A513F05B196881E4007F3905 /* db_impl.cc in Sources */ = {isa = PBXBuildFile; fileRef = A513F03C196881E4007F3905 /* db_impl.cc */; };
		A513F05C196881E4007F3905 /* db_impl.cc in Sources */ = {isa = PBXBuildFile; fileRef = A513F03C196881E4007F3905 /* db_impl.cc */; };
		A513F05D196881E4007F3905 /* db_impl.cc in Sources */ = {isa = PBXBuildFile; fileRef = A513F03C196881E4007F3905 /* db_impl.cc */; };
		A513F060196881E4007F3905 /* db_iter.cc in Sources */ = {isa = PBXBuildFile; fileRef = A513F03E196881E4007F3905 /* db_iter.cc */; };
		A513F061196881E4007F3905 /* db_iter.cc in Sources */ = {isa = PBXBuildFile; fileRef = A513F03E196881E4007F3905 /* db_iter.cc */; };
		A513F062196881E4007F3905 /* db_iter.cc in Sources */ = {isa = PBXBuildFile; fileRef = A513F03E196881E4007F3905 /* db_iter.cc */; };
		A513F065196881E4007F3905 /* dbformat.cc in Sources */ = {isa = PBXBuildFile; fileRef = A513F040196881E4007F3905 /* dbformat.cc */; };
		A513F066196881E4007F3905 /* dbformat.cc in Sources */ = {isa = PBXBuildFile; fileRef = A513F040196881E4007F3905 /* dbformat.cc */; };
		A513F067196881E4007F3905 /* dbformat.cc in Sources */ = {isa = PBXBuildFile; fileRef = A513F040196881E4007F3905 /* dbformat.cc */; };
		A513F06A196881E4007F3905 /* filename.cc in Sources */ = {isa = PBXBuildFile; fileRef = A513F042196881E4007F3905 /* filename.cc */; };
		A513F06B196881E4007F3905 /* filename.cc in Sources */ = {isa = PBXBuildFile; fileRef = A513F042196881E4007F3905 /* filename.cc */; };
		A513F06C196881E4007F3905 /* filename.cc in Sources */ = {isa = PBXBuildFile; fileRef = A513F042196881E4007F3905 /* filename.cc */; };
		A513F06F196881E4007F3905 /* log_reader.cc in Sources */ = {isa = PBXBuildFile; fileRef = A513F044196881E4007F3905 /* log_reader.cc */; };
		A513F070196881E4007F3905 /* log_reader.cc in Sources */ = {isa = PBXBuildFile; fileRef = A513F044196881E4007F3905 /* log_reader.cc */; };
		A513F071196881E4007F3905 /* log_reader.cc in Sources */ = {isa = PBXBuildFile; fileRef = A513F044196881E4007F3905 /* log_reader.cc */; };
		A513F074196881E4007F3905 /* log_writer.cc in Sources */ = {isa = PBXBuildFile; fileRef = A513F046196881E4007F3905 /* log_writer.cc */; };
		A513F075196881E4007F3905 /* log_writer.cc in Sources */ = {isa = PBXBuildFile; fileRef = A513F046196881E4007F3905 /* log_writer.cc */; };
		A513F076196881E4007F3905 /* log_writer.cc in Sources */ = {isa = PBXBuildFile; fileRef = A513F046196881E4007F3905 /* log_writer.cc */; };
		A513F079196881E4007F3905 /* memtable.cc in Sources */ = {isa = PBXBuildFile; fileRef = A513F048196881E4007F3905 /* memtable.cc */; };
		A513F07A196881E4007F3905 /* memtable.cc in Sources */ = {isa = PBXBuildFile; fileRef = A513F048196881E4007F3905 /* memtable.cc */; };
		A513F07B196881E4007F3905 /* memtable.cc in Sources */ = {isa = PBXBuildFile; fileRef = A513F048196881E4007F3905 /* memtable.cc */; };
		A513F07C196881E4007F3905 /* repair.cc in Sources */ = {isa = PBXBuildFile; fileRef = A513F049196881E4007F3905 /* repair.cc */; };
		A513F07D196881E4007F3905 /* repair.cc in Sources */ = {isa = PBXBuildFile; fileRef = A513F049196881E4007F3905 /* repair.cc */; };
		A513F07E196881E4007F3905 /* repair.cc in Sources */ = {isa = PBXBuildFile; fileRef = A513F049196881E4007F3905 /* repair.cc */; };
		A513F07F196881E4007F3905 /* table_cache.cc in Sources */ = {isa = PBXBuildFile; fileRef = A513F04A196881E4007F3905 /* table_cache.cc */; };
		A513F080196881E4007F3905 /* table_cache.cc in Sources */ = {isa = PBXBuildFile; fileRef = A513F04A196881E4007F3905 /* table_cache.cc */; };
		A513F081196881E4007F3905 /* table_cache.cc in Sources */ = {isa = PBXBuildFile; fileRef = A513F04A196881E4007F3905 /* table_cache.cc */; };
		A513F086196881E4007F3905 /* version_edit.cc in Sources */ = {isa = PBXBuildFile; fileRef = A513F04D196881E4007F3905 /* version_edit.cc */; };
		A513F087196881E4007F3905 /* version_edit.cc in Sources */ = {isa = PBXBuildFile; fileRef = A513F04D196881E4007F3905 /* version_edit.cc */; };
		A513F088196881E4007F3905 /* version_edit.cc in Sources */ = {isa = PBXBuildFile; fileRef = A513F04D196881E4007F3905 /* version_edit.cc */; };
		A513F08B196881E4007F3905 /* version_set.cc in Sources */ = {isa = PBXBuildFile; fileRef = A513F04F196881E4007F3905 /* version_set.cc */; };
		A513F08C196881E4007F3905 /* version_set.cc in Sources */ = {isa = PBXBuildFile; fileRef = A513F04F196881E4007F3905 /* version_set.cc */; };
		A513F08D196881E4007F3905 /* version_set.cc in Sources */ = {isa = PBXBuildFile; fileRef = A513F04F196881E4007F3905 /* version_set.cc */; };
		A513F08E196881E4007F3905 /* write_batch.cc in Sources */ = {isa = PBXBuildFile; fileRef = A513F050196881E4007F3905 /* write_batch.cc */; };
		A513F08F196881E4007F3905 /* write_batch.cc in Sources */ = {isa = PBXBuildFile; fileRef = A513F050196881E4007F3905 /* write_batch.cc */; };
		A513F090196881E4007F3905 /* write_batch.cc in Sources */ = {isa = PBXBuildFile; fileRef = A513F050196881E4007F3905 /* write_batch.cc */; };
		A513F095196881FC007F3905 /* port_posix.cc in Sources */ = {isa = PBXBuildFile; fileRef = A513F092196881FC007F3905 /* port_posix.cc */; };
		A513F096196881FC007F3905 /* port_posix.cc in Sources */ = {isa = PBXBuildFile; fileRef = A513F092196881FC007F3905 /* port_posix.cc */; };
		A513F097196881FC007F3905 /* port_posix.cc in Sources */ = {isa = PBXBuildFile; fileRef = A513F092196881FC007F3905 /* port_posix.cc */; };
		A513F0AA1968820A007F3905 /* block_builder.cc in Sources */ = {isa = PBXBuildFile; fileRef = A513F0991968820A007F3905 /* block_builder.cc */; };
		A513F0AB1968820A007F3905 /* block_builder.cc in Sources */ = {isa = PBXBuildFile; fileRef = A513F0991968820A007F3905 /* block_builder.cc */; };
		A513F0AC1968820A007F3905 /* block_builder.cc in Sources */ = {isa = PBXBuildFile; fileRef = A513F0991968820A007F3905 /* block_builder.cc */; };
		A513F0AF1968820A007F3905 /* block.cc in Sources */ = {isa = PBXBuildFile; fileRef = A513F09B1968820A007F3905 /* block.cc */; };
		A513F0B01968820A007F3905 /* block.cc in Sources */ = {isa = PBXBuildFile; fileRef = A513F09B1968820A007F3905 /* block.cc */; };
		A513F0B11968820A007F3905 /* block.cc in Sources */ = {isa = PBXBuildFile; fileRef = A513F09B1968820A007F3905 /* block.cc */; };
		A513F0B41968820A007F3905 /* filter_block.cc in Sources */ = {isa = PBXBuildFile; fileRef = A513F09D1968820A007F3905 /* filter_block.cc */; };
		A513F0B51968820A007F3905 /* filter_block.cc in Sources */ = {isa = PBXBuildFile; fileRef = A513F09D1968820A007F3905 /* filter_block.cc */; };
		A513F0B61968820A007F3905 /* filter_block.cc in Sources */ = {isa = PBXBuildFile; fileRef = A513F09D1968820A007F3905 /* filter_block.cc */; };
		A513F0B91968820A007F3905 /* format.cc in Sources */ = {isa = PBXBuildFile; fileRef = A513F09F1968820A007F3905 /* format.cc */; };
		A513F0BA1968820A007F3905 /* format.cc in Sources */ = {isa = PBXBuildFile; fileRef = A513F09F1968820A007F3905 /* format.cc */; };
		A513F0BB1968820A007F3905 /* format.cc in Sources */ = {isa = PBXBuildFile; fileRef = A513F09F1968820A007F3905 /* format.cc */; };
		A513F0BC1968820A007F3905 /* iterator.cc in Sources */ = {isa = PBXBuildFile; fileRef = A513F0A01968820A007F3905 /* iterator.cc */; };
		A513F0BD1968820A007F3905 /* iterator.cc in Sources */ = {isa = PBXBuildFile; fileRef = A513F0A01968820A007F3905 /* iterator.cc */; };
		A513F0BE1968820A007F3905 /* iterator.cc in Sources */ = {isa = PBXBuildFile; fileRef = A513F0A01968820A007F3905 /* iterator.cc */; };
		A513F0C31968820A007F3905 /* merger.cc in Sources */ = {isa = PBXBuildFile; fileRef = A513F0A31968820A007F3905 /* merger.cc */; };
		A513F0C41968820A007F3905 /* merger.cc in Sources */ = {isa = PBXBuildFile; fileRef = A513F0A31968820A007F3905 /* merger.cc */; };
		A513F0C51968820A007F3905 /* merger.cc in Sources */ = {isa = PBXBuildFile; fileRef = A513F0A31968820A007F3905 /* merger.cc */; };
		A513F0C61968820A007F3905 /* table_builder.cc in Sources */ = {isa = PBXBuildFile; fileRef = A513F0A41968820A007F3905 /* table_builder.cc */; };
		A513F0C71968820A007F3905 /* table_builder.cc in Sources */ = {isa = PBXBuildFile; fileRef = A513F0A41968820A007F3905 /* table_builder.cc */; };
		A513F0C81968820A007F3905 /* table_builder.cc in Sources */ = {isa = PBXBuildFile; fileRef = A513F0A41968820A007F3905 /* table_builder.cc */; };
		A513F0C91968820A007F3905 /* table.cc in Sources */ = {isa = PBXBuildFile; fileRef = A513F0A51968820A007F3905 /* table.cc */; };
		A513F0CA1968820A007F3905 /* table.cc in Sources */ = {isa = PBXBuildFile; fileRef = A513F0A51968820A007F3905 /* table.cc */; };
		A513F0CB1968820A007F3905 /* table.cc in Sources */ = {isa = PBXBuildFile; fileRef = A513F0A51968820A007F3905 /* table.cc */; };
		A513F0CE1968820A007F3905 /* two_level_iterator.cc in Sources */ = {isa = PBXBuildFile; fileRef = A513F0A71968820A007F3905 /* two_level_iterator.cc */; };
		A513F0CF1968820A007F3905 /* two_level_iterator.cc in Sources */ = {isa = PBXBuildFile; fileRef = A513F0A71968820A007F3905 /* two_level_iterator.cc */; };
		A513F0D01968820A007F3905 /* two_level_iterator.cc in Sources */ = {isa = PBXBuildFile; fileRef = A513F0A71968820A007F3905 /* two_level_iterator.cc */; };
		A513F0F819688218007F3905 /* arena.cc in Sources */ = {isa = PBXBuildFile; fileRef = A513F0D219688218007F3905 /* arena.cc */; };
		A513F0F919688218007F3905 /* arena.cc in Sources */ = {isa = PBXBuildFile; fileRef = A513F0D219688218007F3905 /* arena.cc */; };
		A513F0FA19688218007F3905 /* arena.cc in Sources */ = {isa = PBXBuildFile; fileRef = A513F0D219688218007F3905 /* arena.cc */; };
		A513F0FB19688218007F3905 /* bloom.cc in Sources */ = {isa = PBXBuildFile; fileRef = A513F0D319688218007F3905 /* bloom.cc */; };
		A513F0FC19688218007F3905 /* bloom.cc in Sources */ = {isa = PBXBuildFile; fileRef = A513F0D319688218007F3905 /* bloom.cc */; };
		A513F0FD19688218007F3905 /* bloom.cc in Sources */ = {isa = PBXBuildFile; fileRef = A513F0D319688218007F3905 /* bloom.cc */; };
		A513F0FE19688218007F3905 /* bloom2.cc in Sources */ = {isa = PBXBuildFile; fileRef = A513F0D419688218007F3905 /* bloom2.cc */; };
		A513F0FF19688218007F3905 /* bloom2.cc in Sources */ = {isa = PBXBuildFile; fileRef = A513F0D419688218007F3905 /* bloom2.cc */; };
		A513F10019688218007F3905 /* bloom2.cc in Sources */ = {isa = PBXBuildFile; fileRef = A513F0D419688218007F3905 /* bloom2.cc */; };
		A513F10119688218007F3905 /* cache.cc in Sources */ = {isa = PBXBuildFile; fileRef = A513F0D519688218007F3905 /* cache.cc */; };
		A513F10219688218007F3905 /* cache.cc in Sources */ = {isa = PBXBuildFile; fileRef = A513F0D519688218007F3905 /* cache.cc */; };
		A513F10319688218007F3905 /* cache.cc in Sources */ = {isa = PBXBuildFile; fileRef = A513F0D519688218007F3905 /* cache.cc */; };
		A513F10619688218007F3905 /* cache2.cc in Sources */ = {isa = PBXBuildFile; fileRef = A513F0D719688218007F3905 /* cache2.cc */; };
		A513F10719688218007F3905 /* cache2.cc in Sources */ = {isa = PBXBuildFile; fileRef = A513F0D719688218007F3905 /* cache2.cc */; };
		A513F10819688218007F3905 /* cache2.cc in Sources */ = {isa = PBXBuildFile; fileRef = A513F0D719688218007F3905 /* cache2.cc */; };
		A513F10B19688218007F3905 /* coding.cc in Sources */ = {isa = PBXBuildFile; fileRef = A513F0D919688218007F3905 /* coding.cc */; };
		A513F10C19688218007F3905 /* coding.cc in Sources */ = {isa = PBXBuildFile; fileRef = A513F0D919688218007F3905 /* coding.cc */; };
		A513F10D19688218007F3905 /* coding.cc in Sources */ = {isa = PBXBuildFile; fileRef = A513F0D919688218007F3905 /* coding.cc */; };
		A513F10E19688218007F3905 /* comparator.cc in Sources */ = {isa = PBXBuildFile; fileRef = A513F0DA19688218007F3905 /* comparator.cc */; };
		A513F10F19688218007F3905 /* comparator.cc in Sources */ = {isa = PBXBuildFile; fileRef = A513F0DA19688218007F3905 /* comparator.cc */; };
		A513F11019688218007F3905 /* comparator.cc in Sources */ = {isa = PBXBuildFile; fileRef = A513F0DA19688218007F3905 /* comparator.cc */; };
		A513F11319688218007F3905 /* crc32c.cc in Sources */ = {isa = PBXBuildFile; fileRef = A513F0DC19688218007F3905 /* crc32c.cc */; };
		A513F11419688218007F3905 /* crc32c.cc in Sources */ = {isa = PBXBuildFile; fileRef = A513F0DC19688218007F3905 /* crc32c.cc */; };
		A513F11519688218007F3905 /* crc32c.cc in Sources */ = {isa = PBXBuildFile; fileRef = A513F0DC19688218007F3905 /* crc32c.cc */; };
		A513F11819688218007F3905 /* db_list.cc in Sources */ = {isa = PBXBuildFile; fileRef = A513F0DE19688218007F3905 /* db_list.cc */; };
		A513F11919688218007F3905 /* db_list.cc in Sources */ = {isa = PBXBuildFile; fileRef = A513F0DE19688218007F3905 /* db_list.cc */; };
		A513F11A19688218007F3905 /* db_list.cc in Sources */ = {isa = PBXBuildFile; fileRef = A513F0DE19688218007F3905 /* db_list.cc */; };
		A513F11B19688218007F3905 /* env_posix.cc in Sources */ = {isa = PBXBuildFile; fileRef = A513F0DF19688218007F3905 /* env_posix.cc */; };
		A513F11C19688218007F3905 /* env_posix.cc in Sources */ = {isa = PBXBuildFile; fileRef = A513F0DF19688218007F3905 /* env_posix.cc */; };
		A513F11D19688218007F3905 /* env_posix.cc in Sources */ = {isa = PBXBuildFile; fileRef = A513F0DF19688218007F3905 /* env_posix.cc */; };
		A513F11E19688218007F3905 /* env.cc in Sources */ = {isa = PBXBuildFile; fileRef = A513F0E019688218007F3905 /* env.cc */; };
		A513F11F19688218007F3905 /* env.cc in Sources */ = {isa = PBXBuildFile; fileRef = A513F0E019688218007F3905 /* env.cc */; };
		A513F12019688218007F3905 /* env.cc in Sources */ = {isa = PBXBuildFile; fileRef = A513F0E019688218007F3905 /* env.cc */; };
		A513F12119688218007F3905 /* filter_policy.cc in Sources */ = {isa = PBXBuildFile; fileRef = A513F0E119688218007F3905 /* filter_policy.cc */; };
		A513F12219688218007F3905 /* filter_policy.cc in Sources */ = {isa = PBXBuildFile; fileRef = A513F0E119688218007F3905 /* filter_policy.cc */; };
		A513F12319688218007F3905 /* filter_policy.cc in Sources */ = {isa = PBXBuildFile; fileRef = A513F0E119688218007F3905 /* filter_policy.cc */; };
		A513F12619688218007F3905 /* flexcache.cc in Sources */ = {isa = PBXBuildFile; fileRef = A513F0E319688218007F3905 /* flexcache.cc */; };
		A513F12719688218007F3905 /* flexcache.cc in Sources */ = {isa = PBXBuildFile; fileRef = A513F0E319688218007F3905 /* flexcache.cc */; };
		A513F12819688218007F3905 /* flexcache.cc in Sources */ = {isa = PBXBuildFile; fileRef = A513F0E319688218007F3905 /* flexcache.cc */; };
		A513F12B19688218007F3905 /* hash.cc in Sources */ = {isa = PBXBuildFile; fileRef = A513F0E519688218007F3905 /* hash.cc */; };
		A513F12C19688218007F3905 /* hash.cc in Sources */ = {isa = PBXBuildFile; fileRef = A513F0E519688218007F3905 /* hash.cc */; };
		A513F12D19688218007F3905 /* hash.cc in Sources */ = {isa = PBXBuildFile; fileRef = A513F0E519688218007F3905 /* hash.cc */; };
		A513F13019688218007F3905 /* histogram.cc in Sources */ = {isa = PBXBuildFile; fileRef = A513F0E719688218007F3905 /* histogram.cc */; };
		A513F13119688218007F3905 /* histogram.cc in Sources */ = {isa = PBXBuildFile; fileRef = A513F0E719688218007F3905 /* histogram.cc */; };
		A513F13219688218007F3905 /* histogram.cc in Sources */ = {isa = PBXBuildFile; fileRef = A513F0E719688218007F3905 /* histogram.cc */; };
		A513F13519688218007F3905 /* hot_threads.cc in Sources */ = {isa = PBXBuildFile; fileRef = A513F0E919688218007F3905 /* hot_threads.cc */; };
		A513F13619688218007F3905 /* hot_threads.cc in Sources */ = {isa = PBXBuildFile; fileRef = A513F0E919688218007F3905 /* hot_threads.cc */; };
		A513F13719688218007F3905 /* hot_threads.cc in Sources */ = {isa = PBXBuildFile; fileRef = A513F0E919688218007F3905 /* hot_threads.cc */; };
		A513F13A19688218007F3905 /* logging.cc in Sources */ = {isa = PBXBuildFile; fileRef = A513F0EB19688218007F3905 /* logging.cc */; };
		A513F13B19688218007F3905 /* logging.cc in Sources */ = {isa = PBXBuildFile; fileRef = A513F0EB19688218007F3905 /* logging.cc */; };
		A513F13C19688218007F3905 /* logging.cc in Sources */ = {isa = PBXBuildFile; fileRef = A513F0EB19688218007F3905 /* logging.cc */; };
		A513F13F19688218007F3905 /* murmurhash.cc in Sources */ = {isa = PBXBuildFile; fileRef = A513F0ED19688218007F3905 /* murmurhash.cc */; };
		A513F14019688218007F3905 /* murmurhash.cc in Sources */ = {isa = PBXBuildFile; fileRef = A513F0ED19688218007F3905 /* murmurhash.cc */; };
		A513F14119688218007F3905 /* murmurhash.cc in Sources */ = {isa = PBXBuildFile; fileRef = A513F0ED19688218007F3905 /* murmurhash.cc */; };
		A513F14419688218007F3905 /* options.cc in Sources */ = {isa = PBXBuildFile; fileRef = A513F0EF19688218007F3905 /* options.cc */; };
		A513F14519688218007F3905 /* options.cc in Sources */ = {isa = PBXBuildFile; fileRef = A513F0EF19688218007F3905 /* options.cc */; };
		A513F14619688218007F3905 /* options.cc in Sources */ = {isa = PBXBuildFile; fileRef = A513F0EF19688218007F3905 /* options.cc */; };
		A513F14719688218007F3905 /* perf_count.cc in Sources */ = {isa = PBXBuildFile; fileRef = A513F0F019688218007F3905 /* perf_count.cc */; };
		A513F14819688218007F3905 /* perf_count.cc in Sources */ = {isa = PBXBuildFile; fileRef = A513F0F019688218007F3905 /* perf_count.cc */; };
		A513F14919688218007F3905 /* perf_count.cc in Sources */ = {isa = PBXBuildFile; fileRef = A513F0F019688218007F3905 /* perf_count.cc */; };
		A513F14E19688218007F3905 /* status.cc in Sources */ = {isa = PBXBuildFile; fileRef = A513F0F319688218007F3905 /* status.cc */; };
		A513F14F19688218007F3905 /* status.cc in Sources */ = {isa = PBXBuildFile; fileRef = A513F0F319688218007F3905 /* status.cc */; };
		A513F15019688218007F3905 /* status.cc in Sources */ = {isa = PBXBuildFile; fileRef = A513F0F319688218007F3905 /* status.cc */; };
		A513F15319688218007F3905 /* throttle.cc in Sources */ = {isa = PBXBuildFile; fileRef = A513F0F519688218007F3905 /* throttle.cc */; };
		A513F15419688218007F3905 /* throttle.cc in Sources */ = {isa = PBXBuildFile; fileRef = A513F0F519688218007F3905 /* throttle.cc */; };
		A513F15519688218007F3905 /* throttle.cc in Sources */ = {isa = PBXBuildFile; fileRef = A513F0F519688218007F3905 /* throttle.cc */; };
		A513F1561968828B007F3905 /* Foundation.framework in Frameworks */ = {isa = PBXBuildFile; fileRef = 6631909B15DD798A001AC21A /* Foundation.framework */; };
		A513F15719688C44007F3905 /* builder.cc in Sources */ = {isa = PBXBuildFile; fileRef = A513F039196881E4007F3905 /* builder.cc */; };
		A513F17119688D44007F3905 /* snappy-c.cc in Sources */ = {isa = PBXBuildFile; fileRef = A513F16719688D44007F3905 /* snappy-c.cc */; };
		A513F17219688D44007F3905 /* snappy-c.cc in Sources */ = {isa = PBXBuildFile; fileRef = A513F16719688D44007F3905 /* snappy-c.cc */; };
		A513F17319688D44007F3905 /* snappy-c.cc in Sources */ = {isa = PBXBuildFile; fileRef = A513F16719688D44007F3905 /* snappy-c.cc */; };
		A513F17619688D44007F3905 /* snappy-sinksource.cc in Sources */ = {isa = PBXBuildFile; fileRef = A513F16919688D44007F3905 /* snappy-sinksource.cc */; };
		A513F17719688D44007F3905 /* snappy-sinksource.cc in Sources */ = {isa = PBXBuildFile; fileRef = A513F16919688D44007F3905 /* snappy-sinksource.cc */; };
		A513F17819688D44007F3905 /* snappy-sinksource.cc in Sources */ = {isa = PBXBuildFile; fileRef = A513F16919688D44007F3905 /* snappy-sinksource.cc */; };
		A513F17D19688D44007F3905 /* snappy.cc in Sources */ = {isa = PBXBuildFile; fileRef = A513F16C19688D44007F3905 /* snappy.cc */; };
		A513F17E19688D44007F3905 /* snappy.cc in Sources */ = {isa = PBXBuildFile; fileRef = A513F16C19688D44007F3905 /* snappy.cc */; };
		A513F17F19688D44007F3905 /* snappy.cc in Sources */ = {isa = PBXBuildFile; fileRef = A513F16C19688D44007F3905 /* snappy.cc */; };
/* End PBXBuildFile section */

/* Begin PBXContainerItemProxy section */
		663190AF15DD798A001AC21A /* PBXContainerItemProxy */ = {
			isa = PBXContainerItemProxy;
			containerPortal = 6631908915DD798A001AC21A /* Project object */;
			proxyType = 1;
			remoteGlobalIDString = 6631909215DD798A001AC21A;
			remoteInfo = APLevelDB;
		};
/* End PBXContainerItemProxy section */

/* Begin PBXCopyFilesBuildPhase section */
		573F1803178C6F8C00E66DED /* CopyFiles */ = {
			isa = PBXCopyFilesBuildPhase;
			buildActionMask = 2147483647;
			dstPath = "include/${PRODUCT_NAME}";
			dstSubfolderSpec = 16;
			files = (
			);
			runOnlyForDeploymentPostprocessing = 0;
		};
		6698E04715F82D2300B74390 /* CopyFiles */ = {
			isa = PBXCopyFilesBuildPhase;
			buildActionMask = 2147483647;
			dstPath = "";
			dstSubfolderSpec = 10;
			files = (
				6698E04815F82D3000B74390 /* APLevelDBFramework.framework in CopyFiles */,
			);
			runOnlyForDeploymentPostprocessing = 0;
		};
/* End PBXCopyFilesBuildPhase section */

/* Begin PBXFileReference section */
		573F1805178C6F8C00E66DED /* libAPLevelDB.a */ = {isa = PBXFileReference; explicitFileType = archive.ar; includeInIndex = 0; path = libAPLevelDB.a; sourceTree = BUILT_PRODUCTS_DIR; };
		573F1806178C6F8D00E66DED /* Foundation.framework */ = {isa = PBXFileReference; lastKnownFileType = wrapper.framework; name = Foundation.framework; path = System/Library/Frameworks/Foundation.framework; sourceTree = SDKROOT; };
		6631909315DD798A001AC21A /* APLevelDBFramework.framework */ = {isa = PBXFileReference; explicitFileType = wrapper.framework; includeInIndex = 0; path = APLevelDBFramework.framework; sourceTree = BUILT_PRODUCTS_DIR; };
		6631909615DD798A001AC21A /* Cocoa.framework */ = {isa = PBXFileReference; lastKnownFileType = wrapper.framework; name = Cocoa.framework; path = System/Library/Frameworks/Cocoa.framework; sourceTree = SDKROOT; };
		6631909915DD798A001AC21A /* AppKit.framework */ = {isa = PBXFileReference; lastKnownFileType = wrapper.framework; name = AppKit.framework; path = System/Library/Frameworks/AppKit.framework; sourceTree = SDKROOT; };
		6631909A15DD798A001AC21A /* CoreData.framework */ = {isa = PBXFileReference; lastKnownFileType = wrapper.framework; name = CoreData.framework; path = System/Library/Frameworks/CoreData.framework; sourceTree = SDKROOT; };
		6631909B15DD798A001AC21A /* Foundation.framework */ = {isa = PBXFileReference; lastKnownFileType = wrapper.framework; name = Foundation.framework; path = System/Library/Frameworks/Foundation.framework; sourceTree = SDKROOT; };
		6631909E15DD798A001AC21A /* APLevelDB-Info.plist */ = {isa = PBXFileReference; lastKnownFileType = text.plist.xml; path = "APLevelDB-Info.plist"; sourceTree = "<group>"; };
		663190A015DD798A001AC21A /* en */ = {isa = PBXFileReference; lastKnownFileType = text.plist.strings; name = en; path = en.lproj/InfoPlist.strings; sourceTree = "<group>"; };
		663190A215DD798A001AC21A /* APLevelDB-Prefix.pch */ = {isa = PBXFileReference; lastKnownFileType = sourcecode.c.h; path = "APLevelDB-Prefix.pch"; sourceTree = "<group>"; };
		663190AB15DD798A001AC21A /* APLevelDBTests.xctest */ = {isa = PBXFileReference; explicitFileType = wrapper.cfbundle; includeInIndex = 0; path = APLevelDBTests.xctest; sourceTree = BUILT_PRODUCTS_DIR; };
		663190B415DD798A001AC21A /* APLevelDBTests-Info.plist */ = {isa = PBXFileReference; lastKnownFileType = text.plist.xml; path = "APLevelDBTests-Info.plist"; sourceTree = "<group>"; };
		663190B615DD798A001AC21A /* en */ = {isa = PBXFileReference; lastKnownFileType = text.plist.strings; name = en; path = en.lproj/InfoPlist.strings; sourceTree = "<group>"; };
		663190B915DD798A001AC21A /* APLevelDBTests.m */ = {isa = PBXFileReference; lastKnownFileType = sourcecode.c.objc; path = APLevelDBTests.m; sourceTree = "<group>"; };
		663190C315DD7A8D001AC21A /* APLevelDB.h */ = {isa = PBXFileReference; fileEncoding = 4; lastKnownFileType = sourcecode.c.h; path = APLevelDB.h; sourceTree = "<group>"; };
		663190C415DD7A8D001AC21A /* APLevelDB.mm */ = {isa = PBXFileReference; fileEncoding = 4; lastKnownFileType = sourcecode.cpp.objcpp; path = APLevelDB.mm; sourceTree = "<group>"; };
		663190C815DD7CE0001AC21A /* README.markdown */ = {isa = PBXFileReference; lastKnownFileType = text; path = README.markdown; sourceTree = "<group>"; };
		A513F038196881E4007F3905 /* builder.h */ = {isa = PBXFileReference; fileEncoding = 4; lastKnownFileType = sourcecode.c.h; name = builder.h; path = ../leveldb/db/builder.h; sourceTree = "<group>"; };
		A513F039196881E4007F3905 /* builder.cc */ = {isa = PBXFileReference; fileEncoding = 4; lastKnownFileType = sourcecode.cpp.cpp; name = builder.cc; path = ../leveldb/db/builder.cc; sourceTree = "<group>"; };
		A513F03A196881E4007F3905 /* c.cc */ = {isa = PBXFileReference; fileEncoding = 4; lastKnownFileType = sourcecode.cpp.cpp; name = c.cc; path = ../leveldb/db/c.cc; sourceTree = "<group>"; };
		A513F03B196881E4007F3905 /* db_impl.h */ = {isa = PBXFileReference; fileEncoding = 4; lastKnownFileType = sourcecode.c.h; name = db_impl.h; path = ../leveldb/db/db_impl.h; sourceTree = "<group>"; };
		A513F03C196881E4007F3905 /* db_impl.cc */ = {isa = PBXFileReference; fileEncoding = 4; lastKnownFileType = sourcecode.cpp.cpp; name = db_impl.cc; path = ../leveldb/db/db_impl.cc; sourceTree = "<group>"; };
		A513F03D196881E4007F3905 /* db_iter.h */ = {isa = PBXFileReference; fileEncoding = 4; lastKnownFileType = sourcecode.c.h; name = db_iter.h; path = ../leveldb/db/db_iter.h; sourceTree = "<group>"; };
		A513F03E196881E4007F3905 /* db_iter.cc */ = {isa = PBXFileReference; fileEncoding = 4; lastKnownFileType = sourcecode.cpp.cpp; name = db_iter.cc; path = ../leveldb/db/db_iter.cc; sourceTree = "<group>"; };
		A513F03F196881E4007F3905 /* dbformat.h */ = {isa = PBXFileReference; fileEncoding = 4; lastKnownFileType = sourcecode.c.h; name = dbformat.h; path = ../leveldb/db/dbformat.h; sourceTree = "<group>"; };
		A513F040196881E4007F3905 /* dbformat.cc */ = {isa = PBXFileReference; fileEncoding = 4; lastKnownFileType = sourcecode.cpp.cpp; name = dbformat.cc; path = ../leveldb/db/dbformat.cc; sourceTree = "<group>"; };
		A513F041196881E4007F3905 /* filename.h */ = {isa = PBXFileReference; fileEncoding = 4; lastKnownFileType = sourcecode.c.h; name = filename.h; path = ../leveldb/db/filename.h; sourceTree = "<group>"; };
		A513F042196881E4007F3905 /* filename.cc */ = {isa = PBXFileReference; fileEncoding = 4; lastKnownFileType = sourcecode.cpp.cpp; name = filename.cc; path = ../leveldb/db/filename.cc; sourceTree = "<group>"; };
		A513F043196881E4007F3905 /* log_reader.h */ = {isa = PBXFileReference; fileEncoding = 4; lastKnownFileType = sourcecode.c.h; name = log_reader.h; path = ../leveldb/db/log_reader.h; sourceTree = "<group>"; };
		A513F044196881E4007F3905 /* log_reader.cc */ = {isa = PBXFileReference; fileEncoding = 4; lastKnownFileType = sourcecode.cpp.cpp; name = log_reader.cc; path = ../leveldb/db/log_reader.cc; sourceTree = "<group>"; };
		A513F045196881E4007F3905 /* log_writer.h */ = {isa = PBXFileReference; fileEncoding = 4; lastKnownFileType = sourcecode.c.h; name = log_writer.h; path = ../leveldb/db/log_writer.h; sourceTree = "<group>"; };
		A513F046196881E4007F3905 /* log_writer.cc */ = {isa = PBXFileReference; fileEncoding = 4; lastKnownFileType = sourcecode.cpp.cpp; name = log_writer.cc; path = ../leveldb/db/log_writer.cc; sourceTree = "<group>"; };
		A513F047196881E4007F3905 /* memtable.h */ = {isa = PBXFileReference; fileEncoding = 4; lastKnownFileType = sourcecode.c.h; name = memtable.h; path = ../leveldb/db/memtable.h; sourceTree = "<group>"; };
		A513F048196881E4007F3905 /* memtable.cc */ = {isa = PBXFileReference; fileEncoding = 4; lastKnownFileType = sourcecode.cpp.cpp; name = memtable.cc; path = ../leveldb/db/memtable.cc; sourceTree = "<group>"; };
		A513F049196881E4007F3905 /* repair.cc */ = {isa = PBXFileReference; fileEncoding = 4; lastKnownFileType = sourcecode.cpp.cpp; name = repair.cc; path = ../leveldb/db/repair.cc; sourceTree = "<group>"; };
		A513F04A196881E4007F3905 /* table_cache.cc */ = {isa = PBXFileReference; fileEncoding = 4; lastKnownFileType = sourcecode.cpp.cpp; name = table_cache.cc; path = ../leveldb/db/table_cache.cc; sourceTree = "<group>"; };
		A513F04B196881E4007F3905 /* table_cache.h */ = {isa = PBXFileReference; fileEncoding = 4; lastKnownFileType = sourcecode.c.h; name = table_cache.h; path = ../leveldb/db/table_cache.h; sourceTree = "<group>"; };
		A513F04C196881E4007F3905 /* version_edit.h */ = {isa = PBXFileReference; fileEncoding = 4; lastKnownFileType = sourcecode.c.h; name = version_edit.h; path = ../leveldb/db/version_edit.h; sourceTree = "<group>"; };
		A513F04D196881E4007F3905 /* version_edit.cc */ = {isa = PBXFileReference; fileEncoding = 4; lastKnownFileType = sourcecode.cpp.cpp; name = version_edit.cc; path = ../leveldb/db/version_edit.cc; sourceTree = "<group>"; };
		A513F04E196881E4007F3905 /* version_set.h */ = {isa = PBXFileReference; fileEncoding = 4; lastKnownFileType = sourcecode.c.h; name = version_set.h; path = ../leveldb/db/version_set.h; sourceTree = "<group>"; };
		A513F04F196881E4007F3905 /* version_set.cc */ = {isa = PBXFileReference; fileEncoding = 4; lastKnownFileType = sourcecode.cpp.cpp; name = version_set.cc; path = ../leveldb/db/version_set.cc; sourceTree = "<group>"; };
		A513F050196881E4007F3905 /* write_batch.cc */ = {isa = PBXFileReference; fileEncoding = 4; lastKnownFileType = sourcecode.cpp.cpp; name = write_batch.cc; path = ../leveldb/db/write_batch.cc; sourceTree = "<group>"; };
		A513F091196881FC007F3905 /* port_posix.h */ = {isa = PBXFileReference; fileEncoding = 4; lastKnownFileType = sourcecode.c.h; name = port_posix.h; path = ../leveldb/port/port_posix.h; sourceTree = "<group>"; };
		A513F092196881FC007F3905 /* port_posix.cc */ = {isa = PBXFileReference; fileEncoding = 4; lastKnownFileType = sourcecode.cpp.cpp; name = port_posix.cc; path = ../leveldb/port/port_posix.cc; sourceTree = "<group>"; };
		A513F0981968820A007F3905 /* block_builder.h */ = {isa = PBXFileReference; fileEncoding = 4; lastKnownFileType = sourcecode.c.h; name = block_builder.h; path = ../leveldb/table/block_builder.h; sourceTree = "<group>"; };
		A513F0991968820A007F3905 /* block_builder.cc */ = {isa = PBXFileReference; fileEncoding = 4; lastKnownFileType = sourcecode.cpp.cpp; name = block_builder.cc; path = ../leveldb/table/block_builder.cc; sourceTree = "<group>"; };
		A513F09A1968820A007F3905 /* block.h */ = {isa = PBXFileReference; fileEncoding = 4; lastKnownFileType = sourcecode.c.h; name = block.h; path = ../leveldb/table/block.h; sourceTree = "<group>"; };
		A513F09B1968820A007F3905 /* block.cc */ = {isa = PBXFileReference; fileEncoding = 4; lastKnownFileType = sourcecode.cpp.cpp; name = block.cc; path = ../leveldb/table/block.cc; sourceTree = "<group>"; };
		A513F09C1968820A007F3905 /* filter_block.h */ = {isa = PBXFileReference; fileEncoding = 4; lastKnownFileType = sourcecode.c.h; name = filter_block.h; path = ../leveldb/table/filter_block.h; sourceTree = "<group>"; };
		A513F09D1968820A007F3905 /* filter_block.cc */ = {isa = PBXFileReference; fileEncoding = 4; lastKnownFileType = sourcecode.cpp.cpp; name = filter_block.cc; path = ../leveldb/table/filter_block.cc; sourceTree = "<group>"; };
		A513F09E1968820A007F3905 /* format.h */ = {isa = PBXFileReference; fileEncoding = 4; lastKnownFileType = sourcecode.c.h; name = format.h; path = ../leveldb/table/format.h; sourceTree = "<group>"; };
		A513F09F1968820A007F3905 /* format.cc */ = {isa = PBXFileReference; fileEncoding = 4; lastKnownFileType = sourcecode.cpp.cpp; name = format.cc; path = ../leveldb/table/format.cc; sourceTree = "<group>"; };
		A513F0A01968820A007F3905 /* iterator.cc */ = {isa = PBXFileReference; fileEncoding = 4; lastKnownFileType = sourcecode.cpp.cpp; name = iterator.cc; path = ../leveldb/table/iterator.cc; sourceTree = "<group>"; };
		A513F0A11968820A007F3905 /* iterator_wrapper.h */ = {isa = PBXFileReference; fileEncoding = 4; lastKnownFileType = sourcecode.c.h; name = iterator_wrapper.h; path = ../leveldb/table/iterator_wrapper.h; sourceTree = "<group>"; };
		A513F0A21968820A007F3905 /* merger.h */ = {isa = PBXFileReference; fileEncoding = 4; lastKnownFileType = sourcecode.c.h; name = merger.h; path = ../leveldb/table/merger.h; sourceTree = "<group>"; };
		A513F0A31968820A007F3905 /* merger.cc */ = {isa = PBXFileReference; fileEncoding = 4; lastKnownFileType = sourcecode.cpp.cpp; name = merger.cc; path = ../leveldb/table/merger.cc; sourceTree = "<group>"; };
		A513F0A41968820A007F3905 /* table_builder.cc */ = {isa = PBXFileReference; fileEncoding = 4; lastKnownFileType = sourcecode.cpp.cpp; name = table_builder.cc; path = ../leveldb/table/table_builder.cc; sourceTree = "<group>"; };
		A513F0A51968820A007F3905 /* table.cc */ = {isa = PBXFileReference; fileEncoding = 4; lastKnownFileType = sourcecode.cpp.cpp; name = table.cc; path = ../leveldb/table/table.cc; sourceTree = "<group>"; };
		A513F0A61968820A007F3905 /* two_level_iterator.h */ = {isa = PBXFileReference; fileEncoding = 4; lastKnownFileType = sourcecode.c.h; name = two_level_iterator.h; path = ../leveldb/table/two_level_iterator.h; sourceTree = "<group>"; };
		A513F0A71968820A007F3905 /* two_level_iterator.cc */ = {isa = PBXFileReference; fileEncoding = 4; lastKnownFileType = sourcecode.cpp.cpp; name = two_level_iterator.cc; path = ../leveldb/table/two_level_iterator.cc; sourceTree = "<group>"; };
		A513F0D119688218007F3905 /* arena.h */ = {isa = PBXFileReference; fileEncoding = 4; lastKnownFileType = sourcecode.c.h; name = arena.h; path = ../leveldb/util/arena.h; sourceTree = "<group>"; };
		A513F0D219688218007F3905 /* arena.cc */ = {isa = PBXFileReference; fileEncoding = 4; lastKnownFileType = sourcecode.cpp.cpp; name = arena.cc; path = ../leveldb/util/arena.cc; sourceTree = "<group>"; };
		A513F0D319688218007F3905 /* bloom.cc */ = {isa = PBXFileReference; fileEncoding = 4; lastKnownFileType = sourcecode.cpp.cpp; name = bloom.cc; path = ../leveldb/util/bloom.cc; sourceTree = "<group>"; };
		A513F0D419688218007F3905 /* bloom2.cc */ = {isa = PBXFileReference; fileEncoding = 4; lastKnownFileType = sourcecode.cpp.cpp; name = bloom2.cc; path = ../leveldb/util/bloom2.cc; sourceTree = "<group>"; };
		A513F0D519688218007F3905 /* cache.cc */ = {isa = PBXFileReference; fileEncoding = 4; lastKnownFileType = sourcecode.cpp.cpp; name = cache.cc; path = ../leveldb/util/cache.cc; sourceTree = "<group>"; };
		A513F0D619688218007F3905 /* cache2.h */ = {isa = PBXFileReference; fileEncoding = 4; lastKnownFileType = sourcecode.c.h; name = cache2.h; path = ../leveldb/util/cache2.h; sourceTree = "<group>"; };
		A513F0D719688218007F3905 /* cache2.cc */ = {isa = PBXFileReference; fileEncoding = 4; lastKnownFileType = sourcecode.cpp.cpp; name = cache2.cc; path = ../leveldb/util/cache2.cc; sourceTree = "<group>"; };
		A513F0D819688218007F3905 /* coding.h */ = {isa = PBXFileReference; fileEncoding = 4; lastKnownFileType = sourcecode.c.h; name = coding.h; path = ../leveldb/util/coding.h; sourceTree = "<group>"; };
		A513F0D919688218007F3905 /* coding.cc */ = {isa = PBXFileReference; fileEncoding = 4; lastKnownFileType = sourcecode.cpp.cpp; name = coding.cc; path = ../leveldb/util/coding.cc; sourceTree = "<group>"; };
		A513F0DA19688218007F3905 /* comparator.cc */ = {isa = PBXFileReference; fileEncoding = 4; lastKnownFileType = sourcecode.cpp.cpp; name = comparator.cc; path = ../leveldb/util/comparator.cc; sourceTree = "<group>"; };
		A513F0DB19688218007F3905 /* crc32c.h */ = {isa = PBXFileReference; fileEncoding = 4; lastKnownFileType = sourcecode.c.h; name = crc32c.h; path = ../leveldb/util/crc32c.h; sourceTree = "<group>"; };
		A513F0DC19688218007F3905 /* crc32c.cc */ = {isa = PBXFileReference; fileEncoding = 4; lastKnownFileType = sourcecode.cpp.cpp; name = crc32c.cc; path = ../leveldb/util/crc32c.cc; sourceTree = "<group>"; };
		A513F0DD19688218007F3905 /* db_list.h */ = {isa = PBXFileReference; fileEncoding = 4; lastKnownFileType = sourcecode.c.h; name = db_list.h; path = ../leveldb/util/db_list.h; sourceTree = "<group>"; };
		A513F0DE19688218007F3905 /* db_list.cc */ = {isa = PBXFileReference; fileEncoding = 4; lastKnownFileType = sourcecode.cpp.cpp; name = db_list.cc; path = ../leveldb/util/db_list.cc; sourceTree = "<group>"; };
		A513F0DF19688218007F3905 /* env_posix.cc */ = {isa = PBXFileReference; fileEncoding = 4; lastKnownFileType = sourcecode.cpp.cpp; name = env_posix.cc; path = ../leveldb/util/env_posix.cc; sourceTree = "<group>"; };
		A513F0E019688218007F3905 /* env.cc */ = {isa = PBXFileReference; fileEncoding = 4; lastKnownFileType = sourcecode.cpp.cpp; name = env.cc; path = ../leveldb/util/env.cc; sourceTree = "<group>"; };
		A513F0E119688218007F3905 /* filter_policy.cc */ = {isa = PBXFileReference; fileEncoding = 4; lastKnownFileType = sourcecode.cpp.cpp; name = filter_policy.cc; path = ../leveldb/util/filter_policy.cc; sourceTree = "<group>"; };
		A513F0E219688218007F3905 /* flexcache.h */ = {isa = PBXFileReference; fileEncoding = 4; lastKnownFileType = sourcecode.c.h; name = flexcache.h; path = ../leveldb/util/flexcache.h; sourceTree = "<group>"; };
		A513F0E319688218007F3905 /* flexcache.cc */ = {isa = PBXFileReference; fileEncoding = 4; lastKnownFileType = sourcecode.cpp.cpp; name = flexcache.cc; path = ../leveldb/util/flexcache.cc; sourceTree = "<group>"; };
		A513F0E419688218007F3905 /* hash.h */ = {isa = PBXFileReference; fileEncoding = 4; lastKnownFileType = sourcecode.c.h; name = hash.h; path = ../leveldb/util/hash.h; sourceTree = "<group>"; };
		A513F0E519688218007F3905 /* hash.cc */ = {isa = PBXFileReference; fileEncoding = 4; lastKnownFileType = sourcecode.cpp.cpp; name = hash.cc; path = ../leveldb/util/hash.cc; sourceTree = "<group>"; };
		A513F0E619688218007F3905 /* histogram.h */ = {isa = PBXFileReference; fileEncoding = 4; lastKnownFileType = sourcecode.c.h; name = histogram.h; path = ../leveldb/util/histogram.h; sourceTree = "<group>"; };
		A513F0E719688218007F3905 /* histogram.cc */ = {isa = PBXFileReference; fileEncoding = 4; lastKnownFileType = sourcecode.cpp.cpp; name = histogram.cc; path = ../leveldb/util/histogram.cc; sourceTree = "<group>"; };
		A513F0E819688218007F3905 /* hot_threads.h */ = {isa = PBXFileReference; fileEncoding = 4; lastKnownFileType = sourcecode.c.h; name = hot_threads.h; path = ../leveldb/util/hot_threads.h; sourceTree = "<group>"; };
		A513F0E919688218007F3905 /* hot_threads.cc */ = {isa = PBXFileReference; fileEncoding = 4; lastKnownFileType = sourcecode.cpp.cpp; name = hot_threads.cc; path = ../leveldb/util/hot_threads.cc; sourceTree = "<group>"; };
		A513F0EA19688218007F3905 /* logging.h */ = {isa = PBXFileReference; fileEncoding = 4; lastKnownFileType = sourcecode.c.h; name = logging.h; path = ../leveldb/util/logging.h; sourceTree = "<group>"; };
		A513F0EB19688218007F3905 /* logging.cc */ = {isa = PBXFileReference; fileEncoding = 4; lastKnownFileType = sourcecode.cpp.cpp; name = logging.cc; path = ../leveldb/util/logging.cc; sourceTree = "<group>"; };
		A513F0EC19688218007F3905 /* murmurhash.h */ = {isa = PBXFileReference; fileEncoding = 4; lastKnownFileType = sourcecode.c.h; name = murmurhash.h; path = ../leveldb/util/murmurhash.h; sourceTree = "<group>"; };
		A513F0ED19688218007F3905 /* murmurhash.cc */ = {isa = PBXFileReference; fileEncoding = 4; lastKnownFileType = sourcecode.cpp.cpp; name = murmurhash.cc; path = ../leveldb/util/murmurhash.cc; sourceTree = "<group>"; };
		A513F0EE19688218007F3905 /* mutexlock.h */ = {isa = PBXFileReference; fileEncoding = 4; lastKnownFileType = sourcecode.c.h; name = mutexlock.h; path = ../leveldb/util/mutexlock.h; sourceTree = "<group>"; };
		A513F0EF19688218007F3905 /* options.cc */ = {isa = PBXFileReference; fileEncoding = 4; lastKnownFileType = sourcecode.cpp.cpp; name = options.cc; path = ../leveldb/util/options.cc; sourceTree = "<group>"; };
		A513F0F019688218007F3905 /* perf_count.cc */ = {isa = PBXFileReference; fileEncoding = 4; lastKnownFileType = sourcecode.cpp.cpp; name = perf_count.cc; path = ../leveldb/util/perf_count.cc; sourceTree = "<group>"; };
		A513F0F119688218007F3905 /* posix_logger.h */ = {isa = PBXFileReference; fileEncoding = 4; lastKnownFileType = sourcecode.c.h; name = posix_logger.h; path = ../leveldb/util/posix_logger.h; sourceTree = "<group>"; };
		A513F0F219688218007F3905 /* random.h */ = {isa = PBXFileReference; fileEncoding = 4; lastKnownFileType = sourcecode.c.h; name = random.h; path = ../leveldb/util/random.h; sourceTree = "<group>"; };
		A513F0F319688218007F3905 /* status.cc */ = {isa = PBXFileReference; fileEncoding = 4; lastKnownFileType = sourcecode.cpp.cpp; name = status.cc; path = ../leveldb/util/status.cc; sourceTree = "<group>"; };
		A513F0F419688218007F3905 /* throttle.h */ = {isa = PBXFileReference; fileEncoding = 4; lastKnownFileType = sourcecode.c.h; name = throttle.h; path = ../leveldb/util/throttle.h; sourceTree = "<group>"; };
		A513F0F519688218007F3905 /* throttle.cc */ = {isa = PBXFileReference; fileEncoding = 4; lastKnownFileType = sourcecode.cpp.cpp; name = throttle.cc; path = ../leveldb/util/throttle.cc; sourceTree = "<group>"; };
		A513F16619688D44007F3905 /* config.h */ = {isa = PBXFileReference; fileEncoding = 4; lastKnownFileType = sourcecode.c.h; name = config.h; path = ../snappy/config.h; sourceTree = "<group>"; };
		A513F16719688D44007F3905 /* snappy-c.cc */ = {isa = PBXFileReference; fileEncoding = 4; lastKnownFileType = sourcecode.cpp.cpp; name = "snappy-c.cc"; path = "../snappy/snappy-c.cc"; sourceTree = "<group>"; };
		A513F16819688D44007F3905 /* snappy-sinksource.h */ = {isa = PBXFileReference; fileEncoding = 4; lastKnownFileType = sourcecode.c.h; name = "snappy-sinksource.h"; path = "../snappy/snappy-sinksource.h"; sourceTree = "<group>"; };
		A513F16919688D44007F3905 /* snappy-sinksource.cc */ = {isa = PBXFileReference; fileEncoding = 4; lastKnownFileType = sourcecode.cpp.cpp; name = "snappy-sinksource.cc"; path = "../snappy/snappy-sinksource.cc"; sourceTree = "<group>"; };
		A513F16A19688D44007F3905 /* snappy-stubs-public.h */ = {isa = PBXFileReference; fileEncoding = 4; lastKnownFileType = sourcecode.c.h; name = "snappy-stubs-public.h"; path = "../snappy/snappy-stubs-public.h"; sourceTree = "<group>"; };
		A513F16B19688D44007F3905 /* snappy.h */ = {isa = PBXFileReference; fileEncoding = 4; lastKnownFileType = sourcecode.c.h; name = snappy.h; path = ../snappy/snappy.h; sourceTree = "<group>"; };
		A513F16C19688D44007F3905 /* snappy.cc */ = {isa = PBXFileReference; fileEncoding = 4; lastKnownFileType = sourcecode.cpp.cpp; name = snappy.cc; path = ../snappy/snappy.cc; sourceTree = "<group>"; };
		A513F16D19688D44007F3905 /* snappy-c.h */ = {isa = PBXFileReference; fileEncoding = 4; lastKnownFileType = sourcecode.c.h; name = "snappy-c.h"; path = "../snappy/snappy-c.h"; sourceTree = "<group>"; };
		A513F16E19688D44007F3905 /* snappy-internal.h */ = {isa = PBXFileReference; fileEncoding = 4; lastKnownFileType = sourcecode.c.h; name = "snappy-internal.h"; path = "../snappy/snappy-internal.h"; sourceTree = "<group>"; };
/* End PBXFileReference section */

/* Begin PBXFrameworksBuildPhase section */
		573F1802178C6F8C00E66DED /* Frameworks */ = {
			isa = PBXFrameworksBuildPhase;
			buildActionMask = 2147483647;
			files = (
				573F1807178C6F8D00E66DED /* Foundation.framework in Frameworks */,
			);
			runOnlyForDeploymentPostprocessing = 0;
		};
		6631908F15DD798A001AC21A /* Frameworks */ = {
			isa = PBXFrameworksBuildPhase;
			buildActionMask = 2147483647;
			files = (
				A513F1561968828B007F3905 /* Foundation.framework in Frameworks */,
			);
			runOnlyForDeploymentPostprocessing = 0;
		};
		663190A715DD798A001AC21A /* Frameworks */ = {
			isa = PBXFrameworksBuildPhase;
			buildActionMask = 2147483647;
			files = (
				663190AE15DD798A001AC21A /* Cocoa.framework in Frameworks */,
				663190B115DD798A001AC21A /* APLevelDBFramework.framework in Frameworks */,
			);
			runOnlyForDeploymentPostprocessing = 0;
		};
/* End PBXFrameworksBuildPhase section */

/* Begin PBXGroup section */
		6631908715DD798A001AC21A = {
			isa = PBXGroup;
			children = (
				A513F15819688C58007F3905 /* snappy */,
				A513F0331968819D007F3905 /* leveldb */,
				663190C815DD7CE0001AC21A /* README.markdown */,
				6631909C15DD798A001AC21A /* APLevelDB */,
				663190B215DD798A001AC21A /* APLevelDBTests */,
				6631909515DD798A001AC21A /* Frameworks */,
				6631909415DD798A001AC21A /* Products */,
			);
			sourceTree = "<group>";
		};
		6631909415DD798A001AC21A /* Products */ = {
			isa = PBXGroup;
			children = (
				6631909315DD798A001AC21A /* APLevelDBFramework.framework */,
				663190AB15DD798A001AC21A /* APLevelDBTests.xctest */,
				573F1805178C6F8C00E66DED /* libAPLevelDB.a */,
			);
			name = Products;
			sourceTree = "<group>";
		};
		6631909515DD798A001AC21A /* Frameworks */ = {
			isa = PBXGroup;
			children = (
				6631909615DD798A001AC21A /* Cocoa.framework */,
				573F1806178C6F8D00E66DED /* Foundation.framework */,
				6631909815DD798A001AC21A /* Other Frameworks */,
			);
			name = Frameworks;
			sourceTree = "<group>";
		};
		6631909815DD798A001AC21A /* Other Frameworks */ = {
			isa = PBXGroup;
			children = (
				6631909915DD798A001AC21A /* AppKit.framework */,
				6631909A15DD798A001AC21A /* CoreData.framework */,
				6631909B15DD798A001AC21A /* Foundation.framework */,
			);
			name = "Other Frameworks";
			sourceTree = "<group>";
		};
		6631909C15DD798A001AC21A /* APLevelDB */ = {
			isa = PBXGroup;
			children = (
				663190C315DD7A8D001AC21A /* APLevelDB.h */,
				663190C415DD7A8D001AC21A /* APLevelDB.mm */,
				6631909D15DD798A001AC21A /* Supporting Files */,
			);
			path = APLevelDB;
			sourceTree = "<group>";
		};
		6631909D15DD798A001AC21A /* Supporting Files */ = {
			isa = PBXGroup;
			children = (
				6631909E15DD798A001AC21A /* APLevelDB-Info.plist */,
				6631909F15DD798A001AC21A /* InfoPlist.strings */,
				663190A215DD798A001AC21A /* APLevelDB-Prefix.pch */,
			);
			name = "Supporting Files";
			sourceTree = "<group>";
		};
		663190B215DD798A001AC21A /* APLevelDBTests */ = {
			isa = PBXGroup;
			children = (
				663190B915DD798A001AC21A /* APLevelDBTests.m */,
				663190B315DD798A001AC21A /* Supporting Files */,
			);
			path = APLevelDBTests;
			sourceTree = "<group>";
		};
		663190B315DD798A001AC21A /* Supporting Files */ = {
			isa = PBXGroup;
			children = (
				663190B415DD798A001AC21A /* APLevelDBTests-Info.plist */,
				663190B515DD798A001AC21A /* InfoPlist.strings */,
			);
			name = "Supporting Files";
			sourceTree = "<group>";
		};
		A513F0331968819D007F3905 /* leveldb */ = {
			isa = PBXGroup;
			children = (
				A513F034196881B1007F3905 /* db */,
				A513F035196881BD007F3905 /* port */,
				A513F036196881C2007F3905 /* table */,
				A513F037196881C8007F3905 /* util */,
			);
			name = leveldb;
			sourceTree = "<group>";
		};
		A513F034196881B1007F3905 /* db */ = {
			isa = PBXGroup;
			children = (
				A513F038196881E4007F3905 /* builder.h */,
				A513F039196881E4007F3905 /* builder.cc */,
				A513F03A196881E4007F3905 /* c.cc */,
				A513F03B196881E4007F3905 /* db_impl.h */,
				A513F03C196881E4007F3905 /* db_impl.cc */,
				A513F03D196881E4007F3905 /* db_iter.h */,
				A513F03E196881E4007F3905 /* db_iter.cc */,
				A513F03F196881E4007F3905 /* dbformat.h */,
				A513F040196881E4007F3905 /* dbformat.cc */,
				A513F041196881E4007F3905 /* filename.h */,
				A513F042196881E4007F3905 /* filename.cc */,
				A513F043196881E4007F3905 /* log_reader.h */,
				A513F044196881E4007F3905 /* log_reader.cc */,
				A513F045196881E4007F3905 /* log_writer.h */,
				A513F046196881E4007F3905 /* log_writer.cc */,
				A513F047196881E4007F3905 /* memtable.h */,
				A513F048196881E4007F3905 /* memtable.cc */,
				A513F049196881E4007F3905 /* repair.cc */,
				A513F04A196881E4007F3905 /* table_cache.cc */,
				A513F04B196881E4007F3905 /* table_cache.h */,
				A513F04C196881E4007F3905 /* version_edit.h */,
				A513F04D196881E4007F3905 /* version_edit.cc */,
				A513F04E196881E4007F3905 /* version_set.h */,
				A513F04F196881E4007F3905 /* version_set.cc */,
				A513F050196881E4007F3905 /* write_batch.cc */,
			);
			name = db;
			sourceTree = "<group>";
		};
		A513F035196881BD007F3905 /* port */ = {
			isa = PBXGroup;
			children = (
				A513F091196881FC007F3905 /* port_posix.h */,
				A513F092196881FC007F3905 /* port_posix.cc */,
			);
			name = port;
			sourceTree = "<group>";
		};
		A513F036196881C2007F3905 /* table */ = {
			isa = PBXGroup;
			children = (
				A513F0981968820A007F3905 /* block_builder.h */,
				A513F0991968820A007F3905 /* block_builder.cc */,
				A513F09A1968820A007F3905 /* block.h */,
				A513F09B1968820A007F3905 /* block.cc */,
				A513F09C1968820A007F3905 /* filter_block.h */,
				A513F09D1968820A007F3905 /* filter_block.cc */,
				A513F09E1968820A007F3905 /* format.h */,
				A513F09F1968820A007F3905 /* format.cc */,
				A513F0A01968820A007F3905 /* iterator.cc */,
				A513F0A11968820A007F3905 /* iterator_wrapper.h */,
				A513F0A21968820A007F3905 /* merger.h */,
				A513F0A31968820A007F3905 /* merger.cc */,
				A513F0A41968820A007F3905 /* table_builder.cc */,
				A513F0A51968820A007F3905 /* table.cc */,
				A513F0A61968820A007F3905 /* two_level_iterator.h */,
				A513F0A71968820A007F3905 /* two_level_iterator.cc */,
			);
			name = table;
			sourceTree = "<group>";
		};
		A513F037196881C8007F3905 /* util */ = {
			isa = PBXGroup;
			children = (
				A513F0D119688218007F3905 /* arena.h */,
				A513F0D219688218007F3905 /* arena.cc */,
				A513F0D319688218007F3905 /* bloom.cc */,
				A513F0D419688218007F3905 /* bloom2.cc */,
				A513F0D519688218007F3905 /* cache.cc */,
				A513F0D619688218007F3905 /* cache2.h */,
				A513F0D719688218007F3905 /* cache2.cc */,
				A513F0D819688218007F3905 /* coding.h */,
				A513F0D919688218007F3905 /* coding.cc */,
				A513F0DA19688218007F3905 /* comparator.cc */,
				A513F0DB19688218007F3905 /* crc32c.h */,
				A513F0DC19688218007F3905 /* crc32c.cc */,
				A513F0DD19688218007F3905 /* db_list.h */,
				A513F0DE19688218007F3905 /* db_list.cc */,
				A513F0DF19688218007F3905 /* env_posix.cc */,
				A513F0E019688218007F3905 /* env.cc */,
				A513F0E119688218007F3905 /* filter_policy.cc */,
				A513F0E219688218007F3905 /* flexcache.h */,
				A513F0E319688218007F3905 /* flexcache.cc */,
				A513F0E419688218007F3905 /* hash.h */,
				A513F0E519688218007F3905 /* hash.cc */,
				A513F0E619688218007F3905 /* histogram.h */,
				A513F0E719688218007F3905 /* histogram.cc */,
				A513F0E819688218007F3905 /* hot_threads.h */,
				A513F0E919688218007F3905 /* hot_threads.cc */,
				A513F0EA19688218007F3905 /* logging.h */,
				A513F0EB19688218007F3905 /* logging.cc */,
				A513F0EC19688218007F3905 /* murmurhash.h */,
				A513F0ED19688218007F3905 /* murmurhash.cc */,
				A513F0EE19688218007F3905 /* mutexlock.h */,
				A513F0EF19688218007F3905 /* options.cc */,
				A513F0F019688218007F3905 /* perf_count.cc */,
				A513F0F119688218007F3905 /* posix_logger.h */,
				A513F0F219688218007F3905 /* random.h */,
				A513F0F319688218007F3905 /* status.cc */,
				A513F0F419688218007F3905 /* throttle.h */,
				A513F0F519688218007F3905 /* throttle.cc */,
			);
			name = util;
			sourceTree = "<group>";
		};
		A513F15819688C58007F3905 /* snappy */ = {
			isa = PBXGroup;
			children = (
				A513F16619688D44007F3905 /* config.h */,
				A513F16719688D44007F3905 /* snappy-c.cc */,
				A513F16819688D44007F3905 /* snappy-sinksource.h */,
				A513F16919688D44007F3905 /* snappy-sinksource.cc */,
				A513F16A19688D44007F3905 /* snappy-stubs-public.h */,
				A513F16B19688D44007F3905 /* snappy.h */,
				A513F16C19688D44007F3905 /* snappy.cc */,
				A513F16D19688D44007F3905 /* snappy-c.h */,
				A513F16E19688D44007F3905 /* snappy-internal.h */,
			);
			name = snappy;
			sourceTree = "<group>";
		};
/* End PBXGroup section */

/* Begin PBXHeadersBuildPhase section */
		573F182B178C856000E66DED /* Headers */ = {
			isa = PBXHeadersBuildPhase;
			buildActionMask = 2147483647;
			files = (
				573F182C178C856E00E66DED /* APLevelDB.h in Headers */,
			);
			runOnlyForDeploymentPostprocessing = 0;
		};
		6631909015DD798A001AC21A /* Headers */ = {
			isa = PBXHeadersBuildPhase;
			buildActionMask = 2147483647;
			files = (
				663190C515DD7A8D001AC21A /* APLevelDB.h in Headers */,
			);
			runOnlyForDeploymentPostprocessing = 0;
		};
/* End PBXHeadersBuildPhase section */

/* Begin PBXNativeTarget section */
		573F1804178C6F8C00E66DED /* APLevelDB */ = {
			isa = PBXNativeTarget;
			buildConfigurationList = 573F1811178C6F8D00E66DED /* Build configuration list for PBXNativeTarget "APLevelDB" */;
			buildPhases = (
				573F1801178C6F8C00E66DED /* Sources */,
				573F1802178C6F8C00E66DED /* Frameworks */,
				573F182B178C856000E66DED /* Headers */,
				573F1803178C6F8C00E66DED /* CopyFiles */,
			);
			buildRules = (
			);
			dependencies = (
			);
			name = APLevelDB;
			productName = APLevelDBiOS;
			productReference = 573F1805178C6F8C00E66DED /* libAPLevelDB.a */;
			productType = "com.apple.product-type.library.static";
		};
		6631909215DD798A001AC21A /* APLevelDBFramework */ = {
			isa = PBXNativeTarget;
			buildConfigurationList = 663190BD15DD798A001AC21A /* Build configuration list for PBXNativeTarget "APLevelDBFramework" */;
			buildPhases = (
				6631908E15DD798A001AC21A /* Sources */,
				6631908F15DD798A001AC21A /* Frameworks */,
				6631909015DD798A001AC21A /* Headers */,
				6631909115DD798A001AC21A /* Resources */,
			);
			buildRules = (
			);
			dependencies = (
			);
			name = APLevelDBFramework;
			productName = APLevelDB;
			productReference = 6631909315DD798A001AC21A /* APLevelDBFramework.framework */;
			productType = "com.apple.product-type.framework";
		};
		663190AA15DD798A001AC21A /* APLevelDBTests */ = {
			isa = PBXNativeTarget;
			buildConfigurationList = 663190C015DD798A001AC21A /* Build configuration list for PBXNativeTarget "APLevelDBTests" */;
			buildPhases = (
				663190A615DD798A001AC21A /* Sources */,
				6698E04715F82D2300B74390 /* CopyFiles */,
				663190A715DD798A001AC21A /* Frameworks */,
				663190A815DD798A001AC21A /* Resources */,
				663190A915DD798A001AC21A /* ShellScript */,
			);
			buildRules = (
			);
			dependencies = (
				663190B015DD798A001AC21A /* PBXTargetDependency */,
			);
			name = APLevelDBTests;
			productName = APLevelDBTests;
			productReference = 663190AB15DD798A001AC21A /* APLevelDBTests.xctest */;
			productType = "com.apple.product-type.bundle.unit-test";
		};
/* End PBXNativeTarget section */

/* Begin PBXProject section */
		6631908915DD798A001AC21A /* Project object */ = {
			isa = PBXProject;
			attributes = {
				LastTestingUpgradeCheck = 0510;
				LastUpgradeCheck = 0510;
				ORGANIZATIONNAME = "Adam Preble";
			};
			buildConfigurationList = 6631908C15DD798A001AC21A /* Build configuration list for PBXProject "APLevelDB" */;
			compatibilityVersion = "Xcode 3.2";
			developmentRegion = English;
			hasScannedForEncodings = 0;
			knownRegions = (
				en,
			);
			mainGroup = 6631908715DD798A001AC21A;
			productRefGroup = 6631909415DD798A001AC21A /* Products */;
			projectDirPath = "";
			projectRoot = "";
			targets = (
				6631909215DD798A001AC21A /* APLevelDBFramework */,
				663190AA15DD798A001AC21A /* APLevelDBTests */,
				573F1804178C6F8C00E66DED /* APLevelDB */,
			);
		};
/* End PBXProject section */

/* Begin PBXResourcesBuildPhase section */
		6631909115DD798A001AC21A /* Resources */ = {
			isa = PBXResourcesBuildPhase;
			buildActionMask = 2147483647;
			files = (
				663190A115DD798A001AC21A /* InfoPlist.strings in Resources */,
			);
			runOnlyForDeploymentPostprocessing = 0;
		};
		663190A815DD798A001AC21A /* Resources */ = {
			isa = PBXResourcesBuildPhase;
			buildActionMask = 2147483647;
			files = (
				663190B715DD798A001AC21A /* InfoPlist.strings in Resources */,
			);
			runOnlyForDeploymentPostprocessing = 0;
		};
/* End PBXResourcesBuildPhase section */

/* Begin PBXShellScriptBuildPhase section */
		663190A915DD798A001AC21A /* ShellScript */ = {
			isa = PBXShellScriptBuildPhase;
			buildActionMask = 2147483647;
			files = (
			);
			inputPaths = (
			);
			outputPaths = (
			);
			runOnlyForDeploymentPostprocessing = 0;
			shellPath = /bin/sh;
			shellScript = "# Run the unit tests in this test bundle.\n\"${SYSTEM_DEVELOPER_DIR}/Tools/RunUnitTests\"\n";
		};
/* End PBXShellScriptBuildPhase section */

/* Begin PBXSourcesBuildPhase section */
		573F1801178C6F8C00E66DED /* Sources */ = {
			isa = PBXSourcesBuildPhase;
			buildActionMask = 2147483647;
			files = (
				573F182A178C852F00E66DED /* APLevelDB.mm in Sources */,
				A513F05D196881E4007F3905 /* db_impl.cc in Sources */,
				A513F0BB1968820A007F3905 /* format.cc in Sources */,
				A513F06C196881E4007F3905 /* filename.cc in Sources */,
				A513F10019688218007F3905 /* bloom2.cc in Sources */,
				A513F055196881E4007F3905 /* builder.cc in Sources */,
				A513F062196881E4007F3905 /* db_iter.cc in Sources */,
				A513F081196881E4007F3905 /* table_cache.cc in Sources */,
				A513F076196881E4007F3905 /* log_writer.cc in Sources */,
				A513F11519688218007F3905 /* crc32c.cc in Sources */,
				A513F090196881E4007F3905 /* write_batch.cc in Sources */,
				A513F0FA19688218007F3905 /* arena.cc in Sources */,
				A513F097196881FC007F3905 /* port_posix.cc in Sources */,
				A513F071196881E4007F3905 /* log_reader.cc in Sources */,
				A513F17319688D44007F3905 /* snappy-c.cc in Sources */,
				A513F14619688218007F3905 /* options.cc in Sources */,
				A513F07E196881E4007F3905 /* repair.cc in Sources */,
				A513F13719688218007F3905 /* hot_threads.cc in Sources */,
				A513F0C81968820A007F3905 /* table_builder.cc in Sources */,
				A513F11D19688218007F3905 /* env_posix.cc in Sources */,
				A513F08D196881E4007F3905 /* version_set.cc in Sources */,
				A513F12319688218007F3905 /* filter_policy.cc in Sources */,
				A513F0AC1968820A007F3905 /* block_builder.cc in Sources */,
				A513F0BE1968820A007F3905 /* iterator.cc in Sources */,
				A513F088196881E4007F3905 /* version_edit.cc in Sources */,
				A513F067196881E4007F3905 /* dbformat.cc in Sources */,
				A513F0C51968820A007F3905 /* merger.cc in Sources */,
				A513F17F19688D44007F3905 /* snappy.cc in Sources */,
				A513F13C19688218007F3905 /* logging.cc in Sources */,
				A513F15519688218007F3905 /* throttle.cc in Sources */,
				A513F14119688218007F3905 /* murmurhash.cc in Sources */,
				A513F07B196881E4007F3905 /* memtable.cc in Sources */,
				A513F11A19688218007F3905 /* db_list.cc in Sources */,
				A513F0CB1968820A007F3905 /* table.cc in Sources */,
				A513F12819688218007F3905 /* flexcache.cc in Sources */,
				A513F058196881E4007F3905 /* c.cc in Sources */,
				A513F12019688218007F3905 /* env.cc in Sources */,
				A513F0D01968820A007F3905 /* two_level_iterator.cc in Sources */,
				A513F17819688D44007F3905 /* snappy-sinksource.cc in Sources */,
				A513F14919688218007F3905 /* perf_count.cc in Sources */,
				A513F11019688218007F3905 /* comparator.cc in Sources */,
				A513F15019688218007F3905 /* status.cc in Sources */,
				A513F10819688218007F3905 /* cache2.cc in Sources */,
				A513F10D19688218007F3905 /* coding.cc in Sources */,
				A513F10319688218007F3905 /* cache.cc in Sources */,
				A513F0B61968820A007F3905 /* filter_block.cc in Sources */,
				A513F12D19688218007F3905 /* hash.cc in Sources */,
				A513F0FD19688218007F3905 /* bloom.cc in Sources */,
				A513F13219688218007F3905 /* histogram.cc in Sources */,
				A513F0B11968820A007F3905 /* block.cc in Sources */,
			);
			runOnlyForDeploymentPostprocessing = 0;
		};
		6631908E15DD798A001AC21A /* Sources */ = {
			isa = PBXSourcesBuildPhase;
			buildActionMask = 2147483647;
			files = (
				663190C615DD7A8D001AC21A /* APLevelDB.mm in Sources */,
				A513F05B196881E4007F3905 /* db_impl.cc in Sources */,
				A513F0B91968820A007F3905 /* format.cc in Sources */,
				A513F06A196881E4007F3905 /* filename.cc in Sources */,
				A513F0FE19688218007F3905 /* bloom2.cc in Sources */,
				A513F053196881E4007F3905 /* builder.cc in Sources */,
				A513F060196881E4007F3905 /* db_iter.cc in Sources */,
				A513F07F196881E4007F3905 /* table_cache.cc in Sources */,
				A513F074196881E4007F3905 /* log_writer.cc in Sources */,
				A513F11319688218007F3905 /* crc32c.cc in Sources */,
				A513F08E196881E4007F3905 /* write_batch.cc in Sources */,
				A513F0F819688218007F3905 /* arena.cc in Sources */,
				A513F095196881FC007F3905 /* port_posix.cc in Sources */,
				A513F06F196881E4007F3905 /* log_reader.cc in Sources */,
				A513F17119688D44007F3905 /* snappy-c.cc in Sources */,
				A513F14419688218007F3905 /* options.cc in Sources */,
				A513F07C196881E4007F3905 /* repair.cc in Sources */,
				A513F13519688218007F3905 /* hot_threads.cc in Sources */,
				A513F0C61968820A007F3905 /* table_builder.cc in Sources */,
				A513F11B19688218007F3905 /* env_posix.cc in Sources */,
				A513F08B196881E4007F3905 /* version_set.cc in Sources */,
				A513F12119688218007F3905 /* filter_policy.cc in Sources */,
				A513F0AA1968820A007F3905 /* block_builder.cc in Sources */,
				A513F0BC1968820A007F3905 /* iterator.cc in Sources */,
				A513F086196881E4007F3905 /* version_edit.cc in Sources */,
				A513F065196881E4007F3905 /* dbformat.cc in Sources */,
				A513F0C31968820A007F3905 /* merger.cc in Sources */,
				A513F17D19688D44007F3905 /* snappy.cc in Sources */,
				A513F13A19688218007F3905 /* logging.cc in Sources */,
				A513F15319688218007F3905 /* throttle.cc in Sources */,
				A513F13F19688218007F3905 /* murmurhash.cc in Sources */,
				A513F079196881E4007F3905 /* memtable.cc in Sources */,
				A513F11819688218007F3905 /* db_list.cc in Sources */,
				A513F0C91968820A007F3905 /* table.cc in Sources */,
				A513F12619688218007F3905 /* flexcache.cc in Sources */,
				A513F056196881E4007F3905 /* c.cc in Sources */,
				A513F11E19688218007F3905 /* env.cc in Sources */,
				A513F0CE1968820A007F3905 /* two_level_iterator.cc in Sources */,
				A513F17619688D44007F3905 /* snappy-sinksource.cc in Sources */,
				A513F14719688218007F3905 /* perf_count.cc in Sources */,
				A513F10E19688218007F3905 /* comparator.cc in Sources */,
				A513F14E19688218007F3905 /* status.cc in Sources */,
				A513F10619688218007F3905 /* cache2.cc in Sources */,
				A513F10B19688218007F3905 /* coding.cc in Sources */,
				A513F10119688218007F3905 /* cache.cc in Sources */,
				A513F0B41968820A007F3905 /* filter_block.cc in Sources */,
				A513F12B19688218007F3905 /* hash.cc in Sources */,
				A513F0FB19688218007F3905 /* bloom.cc in Sources */,
				A513F13019688218007F3905 /* histogram.cc in Sources */,
				A513F0AF1968820A007F3905 /* block.cc in Sources */,
			);
			runOnlyForDeploymentPostprocessing = 0;
		};
		663190A615DD798A001AC21A /* Sources */ = {
			isa = PBXSourcesBuildPhase;
			buildActionMask = 2147483647;
			files = (
				663190BA15DD798A001AC21A /* APLevelDBTests.m in Sources */,
				A513F05C196881E4007F3905 /* db_impl.cc in Sources */,
				A513F0BA1968820A007F3905 /* format.cc in Sources */,
				A513F06B196881E4007F3905 /* filename.cc in Sources */,
				A513F0FF19688218007F3905 /* bloom2.cc in Sources */,
				A513F061196881E4007F3905 /* db_iter.cc in Sources */,
				A513F080196881E4007F3905 /* table_cache.cc in Sources */,
				A513F075196881E4007F3905 /* log_writer.cc in Sources */,
				A513F11419688218007F3905 /* crc32c.cc in Sources */,
				A513F08F196881E4007F3905 /* write_batch.cc in Sources */,
				A513F0F919688218007F3905 /* arena.cc in Sources */,
				A513F096196881FC007F3905 /* port_posix.cc in Sources */,
				A513F070196881E4007F3905 /* log_reader.cc in Sources */,
				A513F14519688218007F3905 /* options.cc in Sources */,
				A513F17219688D44007F3905 /* snappy-c.cc in Sources */,
				A513F07D196881E4007F3905 /* repair.cc in Sources */,
				A513F13619688218007F3905 /* hot_threads.cc in Sources */,
				A513F0C71968820A007F3905 /* table_builder.cc in Sources */,
				A513F11C19688218007F3905 /* env_posix.cc in Sources */,
				A513F08C196881E4007F3905 /* version_set.cc in Sources */,
				A513F12219688218007F3905 /* filter_policy.cc in Sources */,
				A513F0AB1968820A007F3905 /* block_builder.cc in Sources */,
				A513F0BD1968820A007F3905 /* iterator.cc in Sources */,
				A513F087196881E4007F3905 /* version_edit.cc in Sources */,
				A513F066196881E4007F3905 /* dbformat.cc in Sources */,
				A513F0C41968820A007F3905 /* merger.cc in Sources */,
				A513F13B19688218007F3905 /* logging.cc in Sources */,
				A513F17E19688D44007F3905 /* snappy.cc in Sources */,
				A513F15419688218007F3905 /* throttle.cc in Sources */,
				A513F14019688218007F3905 /* murmurhash.cc in Sources */,
				A513F07A196881E4007F3905 /* memtable.cc in Sources */,
				A513F11919688218007F3905 /* db_list.cc in Sources */,
				A513F0CA1968820A007F3905 /* table.cc in Sources */,
				A513F12719688218007F3905 /* flexcache.cc in Sources */,
				A513F057196881E4007F3905 /* c.cc in Sources */,
				A513F11F19688218007F3905 /* env.cc in Sources */,
				A513F0CF1968820A007F3905 /* two_level_iterator.cc in Sources */,
				A513F14819688218007F3905 /* perf_count.cc in Sources */,
				A513F17719688D44007F3905 /* snappy-sinksource.cc in Sources */,
				A513F10F19688218007F3905 /* comparator.cc in Sources */,
				A513F14F19688218007F3905 /* status.cc in Sources */,
				A513F10719688218007F3905 /* cache2.cc in Sources */,
				A513F10C19688218007F3905 /* coding.cc in Sources */,
				A513F10219688218007F3905 /* cache.cc in Sources */,
				A513F0B51968820A007F3905 /* filter_block.cc in Sources */,
				A513F12C19688218007F3905 /* hash.cc in Sources */,
				A513F0FC19688218007F3905 /* bloom.cc in Sources */,
				A513F13119688218007F3905 /* histogram.cc in Sources */,
				A513F0B01968820A007F3905 /* block.cc in Sources */,
				A513F15719688C44007F3905 /* builder.cc in Sources */,
			);
			runOnlyForDeploymentPostprocessing = 0;
		};
/* End PBXSourcesBuildPhase section */

/* Begin PBXTargetDependency section */
		663190B015DD798A001AC21A /* PBXTargetDependency */ = {
			isa = PBXTargetDependency;
			target = 6631909215DD798A001AC21A /* APLevelDBFramework */;
			targetProxy = 663190AF15DD798A001AC21A /* PBXContainerItemProxy */;
		};
/* End PBXTargetDependency section */

/* Begin PBXVariantGroup section */
		6631909F15DD798A001AC21A /* InfoPlist.strings */ = {
			isa = PBXVariantGroup;
			children = (
				663190A015DD798A001AC21A /* en */,
			);
			name = InfoPlist.strings;
			sourceTree = "<group>";
		};
		663190B515DD798A001AC21A /* InfoPlist.strings */ = {
			isa = PBXVariantGroup;
			children = (
				663190B615DD798A001AC21A /* en */,
			);
			name = InfoPlist.strings;
			sourceTree = "<group>";
		};
/* End PBXVariantGroup section */

/* Begin XCBuildConfiguration section */
		573F180F178C6F8D00E66DED /* Debug */ = {
			isa = XCBuildConfiguration;
			buildSettings = {
				CLANG_ENABLE_OBJC_ARC = YES;
				CLANG_WARN_CONSTANT_CONVERSION = YES;
				CLANG_WARN_EMPTY_BODY = YES;
				CLANG_WARN_ENUM_CONVERSION = YES;
				CLANG_WARN_INT_CONVERSION = YES;
				DEAD_CODE_STRIPPING = NO;
				GCC_PRECOMPILE_PREFIX_HEADER = YES;
				GCC_PREFIX_HEADER = "APLevelDB/APLevelDB-Prefix.pch";
				IPHONEOS_DEPLOYMENT_TARGET = 5.0;
				KEEP_PRIVATE_EXTERNS = NO;
				MACH_O_TYPE = staticlib;
				ONLY_ACTIVE_ARCH = NO;
				PRIVATE_HEADERS_FOLDER_PATH = "$(PUBLIC_HEADERS_FOLDER_PATH)/Private";
				PRODUCT_NAME = "$(TARGET_NAME)";
				PUBLIC_HEADERS_FOLDER_PATH = ../../Headers/APLevelDB;
				SDKROOT = iphoneos;
				SKIP_INSTALL = YES;
				VALID_ARCHS = "armv7 armv7s i386";
			};
			name = Debug;
		};
		573F1810178C6F8D00E66DED /* Release */ = {
			isa = XCBuildConfiguration;
			buildSettings = {
				CLANG_ENABLE_OBJC_ARC = YES;
				CLANG_WARN_CONSTANT_CONVERSION = YES;
				CLANG_WARN_EMPTY_BODY = YES;
				CLANG_WARN_ENUM_CONVERSION = YES;
				CLANG_WARN_INT_CONVERSION = YES;
				DEAD_CODE_STRIPPING = NO;
				GCC_PRECOMPILE_PREFIX_HEADER = YES;
				GCC_PREFIX_HEADER = "APLevelDB/APLevelDB-Prefix.pch";
				IPHONEOS_DEPLOYMENT_TARGET = 5.0;
				KEEP_PRIVATE_EXTERNS = NO;
				MACH_O_TYPE = staticlib;
				ONLY_ACTIVE_ARCH = NO;
				PRIVATE_HEADERS_FOLDER_PATH = "$(PUBLIC_HEADERS_FOLDER_PATH)/Private";
				PRODUCT_NAME = "$(TARGET_NAME)";
				PUBLIC_HEADERS_FOLDER_PATH = ../../Headers/APLevelDB;
				SDKROOT = iphoneos;
				SKIP_INSTALL = YES;
				VALIDATE_PRODUCT = YES;
				VALID_ARCHS = "armv7 armv7s i386";
			};
			name = Release;
		};
		663190BB15DD798A001AC21A /* Debug */ = {
			isa = XCBuildConfiguration;
			buildSettings = {
				ALWAYS_SEARCH_USER_PATHS = NO;
				CLANG_CXX_LANGUAGE_STANDARD = "gnu++0x";
				CLANG_CXX_LIBRARY = "libc++";
				CLANG_ENABLE_OBJC_ARC = YES;
				CLANG_WARN__DUPLICATE_METHOD_MATCH = YES;
				COPY_PHASE_STRIP = NO;
				GCC_C_LANGUAGE_STANDARD = gnu99;
				GCC_DYNAMIC_NO_PIC = NO;
				GCC_ENABLE_OBJC_EXCEPTIONS = YES;
				GCC_OPTIMIZATION_LEVEL = 0;
				GCC_PREPROCESSOR_DEFINITIONS = (
					"DEBUG=1",
					"$(inherited)",
				);
				GCC_SYMBOLS_PRIVATE_EXTERN = NO;
				GCC_WARN_64_TO_32_BIT_CONVERSION = YES;
				GCC_WARN_ABOUT_RETURN_TYPE = YES;
				GCC_WARN_UNINITIALIZED_AUTOS = YES;
				GCC_WARN_UNUSED_VARIABLE = YES;
				HEADER_SEARCH_PATHS = (
					"$(inherited)",
					/Applications/Xcode.app/Contents/Developer/Toolchains/XcodeDefault.xctoolchain/usr/include,
					"$(SRCROOT)/../leveldb",
					"$(SRCROOT)/../leveldb/include",
					"$(SRCROOT)/../snappy",
				);
				MACOSX_DEPLOYMENT_TARGET = 10.8;
				ONLY_ACTIVE_ARCH = YES;
				OTHER_CFLAGS = (
					"-DOS_MACOSX",
					"-DLEVELDB_PLATFORM_POSIX",
					"-DSNAPPY",
				);
				SDKROOT = macosx;
			};
			name = Debug;
		};
		663190BC15DD798A001AC21A /* Release */ = {
			isa = XCBuildConfiguration;
			buildSettings = {
				ALWAYS_SEARCH_USER_PATHS = NO;
				CLANG_CXX_LANGUAGE_STANDARD = "gnu++0x";
				CLANG_CXX_LIBRARY = "libc++";
				CLANG_ENABLE_OBJC_ARC = YES;
				CLANG_WARN__DUPLICATE_METHOD_MATCH = YES;
				COPY_PHASE_STRIP = YES;
				DEBUG_INFORMATION_FORMAT = "dwarf-with-dsym";
				GCC_C_LANGUAGE_STANDARD = gnu99;
				GCC_ENABLE_OBJC_EXCEPTIONS = YES;
				GCC_WARN_64_TO_32_BIT_CONVERSION = YES;
				GCC_WARN_ABOUT_RETURN_TYPE = YES;
				GCC_WARN_UNINITIALIZED_AUTOS = YES;
				GCC_WARN_UNUSED_VARIABLE = YES;
				HEADER_SEARCH_PATHS = (
					"$(inherited)",
					/Applications/Xcode.app/Contents/Developer/Toolchains/XcodeDefault.xctoolchain/usr/include,
					"$(SRCROOT)/../leveldb",
					"$(SRCROOT)/../leveldb/include",
					"$(SRCROOT)/../snappy",
				);
				MACOSX_DEPLOYMENT_TARGET = 10.8;
				OTHER_CFLAGS = (
					"-DOS_MACOSX",
					"-DLEVELDB_PLATFORM_POSIX",
					"-DSNAPPY",
				);
				SDKROOT = macosx;
			};
			name = Release;
		};
		663190BE15DD798A001AC21A /* Debug */ = {
			isa = XCBuildConfiguration;
			buildSettings = {
				COMBINE_HIDPI_IMAGES = YES;
				DYLIB_COMPATIBILITY_VERSION = 1;
				DYLIB_CURRENT_VERSION = 1;
				FRAMEWORK_VERSION = A;
				GCC_PRECOMPILE_PREFIX_HEADER = YES;
				GCC_PREFIX_HEADER = "APLevelDB/APLevelDB-Prefix.pch";
				INFOPLIST_FILE = "APLevelDB/APLevelDB-Info.plist";
				PRODUCT_NAME = "$(TARGET_NAME)";
				WRAPPER_EXTENSION = framework;
			};
			name = Debug;
		};
		663190BF15DD798A001AC21A /* Release */ = {
			isa = XCBuildConfiguration;
			buildSettings = {
				COMBINE_HIDPI_IMAGES = YES;
				DYLIB_COMPATIBILITY_VERSION = 1;
				DYLIB_CURRENT_VERSION = 1;
				FRAMEWORK_VERSION = A;
				GCC_PRECOMPILE_PREFIX_HEADER = YES;
				GCC_PREFIX_HEADER = "APLevelDB/APLevelDB-Prefix.pch";
				INFOPLIST_FILE = "APLevelDB/APLevelDB-Info.plist";
				PRODUCT_NAME = "$(TARGET_NAME)";
				WRAPPER_EXTENSION = framework;
			};
			name = Release;
		};
		663190C115DD798A001AC21A /* Debug */ = {
			isa = XCBuildConfiguration;
			buildSettings = {
				COMBINE_HIDPI_IMAGES = YES;
				FRAMEWORK_SEARCH_PATHS = (
					"\"$(DEVELOPER_LIBRARY_DIR)/Frameworks\"",
					"$(inherited)",
				);
				GCC_C_LANGUAGE_STANDARD = "compiler-default";
				GCC_PRECOMPILE_PREFIX_HEADER = YES;
				GCC_PREFIX_HEADER = "APLevelDB/APLevelDB-Prefix.pch";
				INFOPLIST_FILE = "APLevelDBTests/APLevelDBTests-Info.plist";
				PRODUCT_NAME = "$(TARGET_NAME)";
			};
			name = Debug;
		};
		663190C215DD798A001AC21A /* Release */ = {
			isa = XCBuildConfiguration;
			buildSettings = {
				COMBINE_HIDPI_IMAGES = YES;
				FRAMEWORK_SEARCH_PATHS = (
					"\"$(DEVELOPER_LIBRARY_DIR)/Frameworks\"",
					"$(inherited)",
				);
				GCC_C_LANGUAGE_STANDARD = "compiler-default";
				GCC_PRECOMPILE_PREFIX_HEADER = YES;
				GCC_PREFIX_HEADER = "APLevelDB/APLevelDB-Prefix.pch";
				INFOPLIST_FILE = "APLevelDBTests/APLevelDBTests-Info.plist";
				PRODUCT_NAME = "$(TARGET_NAME)";
			};
			name = Release;
		};
/* End XCBuildConfiguration section */

/* Begin XCConfigurationList section */
		573F1811178C6F8D00E66DED /* Build configuration list for PBXNativeTarget "APLevelDB" */ = {
			isa = XCConfigurationList;
			buildConfigurations = (
				573F180F178C6F8D00E66DED /* Debug */,
				573F1810178C6F8D00E66DED /* Release */,
			);
			defaultConfigurationIsVisible = 0;
			defaultConfigurationName = Release;
		};
		6631908C15DD798A001AC21A /* Build configuration list for PBXProject "APLevelDB" */ = {
			isa = XCConfigurationList;
			buildConfigurations = (
				663190BB15DD798A001AC21A /* Debug */,
				663190BC15DD798A001AC21A /* Release */,
			);
			defaultConfigurationIsVisible = 0;
			defaultConfigurationName = Release;
		};
		663190BD15DD798A001AC21A /* Build configuration list for PBXNativeTarget "APLevelDBFramework" */ = {
			isa = XCConfigurationList;
			buildConfigurations = (
				663190BE15DD798A001AC21A /* Debug */,
				663190BF15DD798A001AC21A /* Release */,
			);
			defaultConfigurationIsVisible = 0;
			defaultConfigurationName = Release;
		};
		663190C015DD798A001AC21A /* Build configuration list for PBXNativeTarget "APLevelDBTests" */ = {
			isa = XCConfigurationList;
			buildConfigurations = (
				663190C115DD798A001AC21A /* Debug */,
				663190C215DD798A001AC21A /* Release */,
			);
			defaultConfigurationIsVisible = 0;
			defaultConfigurationName = Release;
		};
/* End XCConfigurationList section */
	};
	rootObject = 6631908915DD798A001AC21A /* Project object */;
}
